
Microsoft Visual Studio Solution File, Format Version 12.00
# Visual Studio 2012
Project("{2150E333-8FDC-42A3-9474-1A3956D46DE8}") = "Libraries", "Libraries", "{1782B9D0-ED09-4E52-B89D-650E3C5637C0}"
EndProject
Project("{2150E333-8FDC-42A3-9474-1A3956D46DE8}") = "Addons", "Addons", "{46B0FD5B-5A71-48C8-835B-95AD83CCB28A}"
EndProject
Project("{2150E333-8FDC-42A3-9474-1A3956D46DE8}") = "Tests", "Tests", "{DB824B52-0670-4A15-B06A-F2DA27BB7959}"
EndProject
Project("{FAE04EC0-301F-11D3-BF4B-00C04F79EFBC}") = "FRoGCreator.Server.Core", "src\FRoGCreator.Server.Core\FRoGCreator.Server.Core.csproj", "{2C843500-50A9-4C7B-BA8C-B908FF0BAFB7}"
EndProject
Project("{FAE04EC0-301F-11D3-BF4B-00C04F79EFBC}") = "FRoGCreator.Server.Util", "src\FRoGCreator.Server.Util\FRoGCreator.Server.Util.csproj", "{E02D21E4-16EF-446C-A8DF-42918F33E003}"
EndProject
Project("{FAE04EC0-301F-11D3-BF4B-00C04F79EFBC}") = "FRoGCreator.Server.Addons.Default", "addons\FRoGCreator.Server.Addons.Default\FRoGCreator.Server.Addons.Default.csproj", "{607D9702-71A0-47EB-9B1E-54ADD25A70B9}"
EndProject
Project("{FAE04EC0-301F-11D3-BF4B-00C04F79EFBC}") = "FRoGCreator.Server.Console.Authentication", "src\FRoGCreator.Server.Console.Authentication\FRoGCreator.Server.Console.Authentication.csproj", "{31CB38DC-149D-4213-B4A5-32F4C56631A7}"
EndProject
Project("{FAE04EC0-301F-11D3-BF4B-00C04F79EFBC}") = "FRoGCreator.Server.Console.World", "src\FRoGCreator.Server.Console.World\FRoGCreator.Server.Console.World.csproj", "{CBA7A6E4-C920-4DCF-95CC-39CC0ED92889}"
EndProject
Project("{FAE04EC0-301F-11D3-BF4B-00C04F79EFBC}") = "FRoGCreator.Server.Servers.Authentication", "src\FRoGCreator.Server.Servers.Authentication\FRoGCreator.Server.Servers.Authentication.csproj", "{319E6D5D-4542-4598-A0CE-C0AA5935DA68}"
EndProject
Project("{FAE04EC0-301F-11D3-BF4B-00C04F79EFBC}") = "FRoGCreator.Server.Servers.World", "src\FRoGCreator.Server.Servers.World\FRoGCreator.Server.Servers.World.csproj", "{D6C5AFA3-F1A3-43C4-A507-69E43C027E12}"
EndProject
Global
	GlobalSection(SolutionConfigurationPlatforms) = preSolution
		CoreOnly|Any CPU = CoreOnly|Any CPU
		Debug|Any CPU = Debug|Any CPU
		iOS|Any CPU = iOS|Any CPU
		Net20|Any CPU = Net20|Any CPU
		Profile|Any CPU = Profile|Any CPU
		Release|Any CPU = Release|Any CPU
		Silverlight2|Any CPU = Silverlight2|Any CPU
		Unity|Any CPU = Unity|Any CPU
	EndGlobalSection
	GlobalSection(ProjectConfigurationPlatforms) = postSolution
		{2C843500-50A9-4C7B-BA8C-B908FF0BAFB7}.CoreOnly|Any CPU.ActiveCfg = Release|Any CPU
		{2C843500-50A9-4C7B-BA8C-B908FF0BAFB7}.CoreOnly|Any CPU.Build.0 = Release|Any CPU
		{2C843500-50A9-4C7B-BA8C-B908FF0BAFB7}.Debug|Any CPU.ActiveCfg = Debug|Any CPU
		{2C843500-50A9-4C7B-BA8C-B908FF0BAFB7}.Debug|Any CPU.Build.0 = Debug|Any CPU
		{2C843500-50A9-4C7B-BA8C-B908FF0BAFB7}.iOS|Any CPU.ActiveCfg = Release|Any CPU
		{2C843500-50A9-4C7B-BA8C-B908FF0BAFB7}.iOS|Any CPU.Build.0 = Release|Any CPU
		{2C843500-50A9-4C7B-BA8C-B908FF0BAFB7}.Net20|Any CPU.ActiveCfg = Release|Any CPU
		{2C843500-50A9-4C7B-BA8C-B908FF0BAFB7}.Net20|Any CPU.Build.0 = Release|Any CPU
		{2C843500-50A9-4C7B-BA8C-B908FF0BAFB7}.Profile|Any CPU.ActiveCfg = Release|Any CPU
		{2C843500-50A9-4C7B-BA8C-B908FF0BAFB7}.Profile|Any CPU.Build.0 = Release|Any CPU
		{2C843500-50A9-4C7B-BA8C-B908FF0BAFB7}.Release|Any CPU.ActiveCfg = Release|Any CPU
		{2C843500-50A9-4C7B-BA8C-B908FF0BAFB7}.Release|Any CPU.Build.0 = Release|Any CPU
		{2C843500-50A9-4C7B-BA8C-B908FF0BAFB7}.Silverlight2|Any CPU.ActiveCfg = Release|Any CPU
		{2C843500-50A9-4C7B-BA8C-B908FF0BAFB7}.Silverlight2|Any CPU.Build.0 = Release|Any CPU
		{2C843500-50A9-4C7B-BA8C-B908FF0BAFB7}.Unity|Any CPU.ActiveCfg = Release|Any CPU
		{2C843500-50A9-4C7B-BA8C-B908FF0BAFB7}.Unity|Any CPU.Build.0 = Release|Any CPU
		{E02D21E4-16EF-446C-A8DF-42918F33E003}.CoreOnly|Any CPU.ActiveCfg = Release|Any CPU
		{E02D21E4-16EF-446C-A8DF-42918F33E003}.CoreOnly|Any CPU.Build.0 = Release|Any CPU
		{E02D21E4-16EF-446C-A8DF-42918F33E003}.Debug|Any CPU.ActiveCfg = Debug|Any CPU
		{E02D21E4-16EF-446C-A8DF-42918F33E003}.Debug|Any CPU.Build.0 = Debug|Any CPU
		{E02D21E4-16EF-446C-A8DF-42918F33E003}.iOS|Any CPU.ActiveCfg = Release|Any CPU
		{E02D21E4-16EF-446C-A8DF-42918F33E003}.iOS|Any CPU.Build.0 = Release|Any CPU
		{E02D21E4-16EF-446C-A8DF-42918F33E003}.Net20|Any CPU.ActiveCfg = Release|Any CPU
		{E02D21E4-16EF-446C-A8DF-42918F33E003}.Net20|Any CPU.Build.0 = Release|Any CPU
		{E02D21E4-16EF-446C-A8DF-42918F33E003}.Profile|Any CPU.ActiveCfg = Release|Any CPU
		{E02D21E4-16EF-446C-A8DF-42918F33E003}.Profile|Any CPU.Build.0 = Release|Any CPU
		{E02D21E4-16EF-446C-A8DF-42918F33E003}.Release|Any CPU.ActiveCfg = Release|Any CPU
		{E02D21E4-16EF-446C-A8DF-42918F33E003}.Release|Any CPU.Build.0 = Release|Any CPU
		{E02D21E4-16EF-446C-A8DF-42918F33E003}.Silverlight2|Any CPU.ActiveCfg = Release|Any CPU
		{E02D21E4-16EF-446C-A8DF-42918F33E003}.Silverlight2|Any CPU.Build.0 = Release|Any CPU
		{E02D21E4-16EF-446C-A8DF-42918F33E003}.Unity|Any CPU.ActiveCfg = Release|Any CPU
		{E02D21E4-16EF-446C-A8DF-42918F33E003}.Unity|Any CPU.Build.0 = Release|Any CPU
		{607D9702-71A0-47EB-9B1E-54ADD25A70B9}.CoreOnly|Any CPU.ActiveCfg = Release|Any CPU
		{607D9702-71A0-47EB-9B1E-54ADD25A70B9}.CoreOnly|Any CPU.Build.0 = Release|Any CPU
		{607D9702-71A0-47EB-9B1E-54ADD25A70B9}.Debug|Any CPU.ActiveCfg = Debug|Any CPU
		{607D9702-71A0-47EB-9B1E-54ADD25A70B9}.Debug|Any CPU.Build.0 = Debug|Any CPU
		{607D9702-71A0-47EB-9B1E-54ADD25A70B9}.iOS|Any CPU.ActiveCfg = Release|Any CPU
		{607D9702-71A0-47EB-9B1E-54ADD25A70B9}.iOS|Any CPU.Build.0 = Release|Any CPU
		{607D9702-71A0-47EB-9B1E-54ADD25A70B9}.Net20|Any CPU.ActiveCfg = Release|Any CPU
		{607D9702-71A0-47EB-9B1E-54ADD25A70B9}.Net20|Any CPU.Build.0 = Release|Any CPU
		{607D9702-71A0-47EB-9B1E-54ADD25A70B9}.Profile|Any CPU.ActiveCfg = Release|Any CPU
		{607D9702-71A0-47EB-9B1E-54ADD25A70B9}.Profile|Any CPU.Build.0 = Release|Any CPU
		{607D9702-71A0-47EB-9B1E-54ADD25A70B9}.Release|Any CPU.ActiveCfg = Release|Any CPU
		{607D9702-71A0-47EB-9B1E-54ADD25A70B9}.Release|Any CPU.Build.0 = Release|Any CPU
		{607D9702-71A0-47EB-9B1E-54ADD25A70B9}.Silverlight2|Any CPU.ActiveCfg = Release|Any CPU
		{607D9702-71A0-47EB-9B1E-54ADD25A70B9}.Silverlight2|Any CPU.Build.0 = Release|Any CPU
		{607D9702-71A0-47EB-9B1E-54ADD25A70B9}.Unity|Any CPU.ActiveCfg = Release|Any CPU
		{607D9702-71A0-47EB-9B1E-54ADD25A70B9}.Unity|Any CPU.Build.0 = Release|Any CPU
		{31CB38DC-149D-4213-B4A5-32F4C56631A7}.CoreOnly|Any CPU.ActiveCfg = Release|Any CPU
		{31CB38DC-149D-4213-B4A5-32F4C56631A7}.CoreOnly|Any CPU.Build.0 = Release|Any CPU
		{31CB38DC-149D-4213-B4A5-32F4C56631A7}.Debug|Any CPU.ActiveCfg = Debug|Any CPU
		{31CB38DC-149D-4213-B4A5-32F4C56631A7}.Debug|Any CPU.Build.0 = Debug|Any CPU
		{31CB38DC-149D-4213-B4A5-32F4C56631A7}.iOS|Any CPU.ActiveCfg = Release|Any CPU
		{31CB38DC-149D-4213-B4A5-32F4C56631A7}.iOS|Any CPU.Build.0 = Release|Any CPU
		{31CB38DC-149D-4213-B4A5-32F4C56631A7}.Net20|Any CPU.ActiveCfg = Release|Any CPU
		{31CB38DC-149D-4213-B4A5-32F4C56631A7}.Net20|Any CPU.Build.0 = Release|Any CPU
		{31CB38DC-149D-4213-B4A5-32F4C56631A7}.Profile|Any CPU.ActiveCfg = Release|Any CPU
		{31CB38DC-149D-4213-B4A5-32F4C56631A7}.Profile|Any CPU.Build.0 = Release|Any CPU
		{31CB38DC-149D-4213-B4A5-32F4C56631A7}.Release|Any CPU.ActiveCfg = Release|Any CPU
		{31CB38DC-149D-4213-B4A5-32F4C56631A7}.Release|Any CPU.Build.0 = Release|Any CPU
		{31CB38DC-149D-4213-B4A5-32F4C56631A7}.Silverlight2|Any CPU.ActiveCfg = Release|Any CPU
		{31CB38DC-149D-4213-B4A5-32F4C56631A7}.Silverlight2|Any CPU.Build.0 = Release|Any CPU
		{31CB38DC-149D-4213-B4A5-32F4C56631A7}.Unity|Any CPU.ActiveCfg = Release|Any CPU
		{31CB38DC-149D-4213-B4A5-32F4C56631A7}.Unity|Any CPU.Build.0 = Release|Any CPU
		{CBA7A6E4-C920-4DCF-95CC-39CC0ED92889}.CoreOnly|Any CPU.ActiveCfg = Release|Any CPU
		{CBA7A6E4-C920-4DCF-95CC-39CC0ED92889}.CoreOnly|Any CPU.Build.0 = Release|Any CPU
		{CBA7A6E4-C920-4DCF-95CC-39CC0ED92889}.Debug|Any CPU.ActiveCfg = Debug|Any CPU
		{CBA7A6E4-C920-4DCF-95CC-39CC0ED92889}.Debug|Any CPU.Build.0 = Debug|Any CPU
		{CBA7A6E4-C920-4DCF-95CC-39CC0ED92889}.iOS|Any CPU.ActiveCfg = Release|Any CPU
		{CBA7A6E4-C920-4DCF-95CC-39CC0ED92889}.iOS|Any CPU.Build.0 = Release|Any CPU
		{CBA7A6E4-C920-4DCF-95CC-39CC0ED92889}.Net20|Any CPU.ActiveCfg = Release|Any CPU
		{CBA7A6E4-C920-4DCF-95CC-39CC0ED92889}.Net20|Any CPU.Build.0 = Release|Any CPU
		{CBA7A6E4-C920-4DCF-95CC-39CC0ED92889}.Profile|Any CPU.ActiveCfg = Release|Any CPU
		{CBA7A6E4-C920-4DCF-95CC-39CC0ED92889}.Profile|Any CPU.Build.0 = Release|Any CPU
		{CBA7A6E4-C920-4DCF-95CC-39CC0ED92889}.Release|Any CPU.ActiveCfg = Release|Any CPU
		{CBA7A6E4-C920-4DCF-95CC-39CC0ED92889}.Release|Any CPU.Build.0 = Release|Any CPU
		{CBA7A6E4-C920-4DCF-95CC-39CC0ED92889}.Silverlight2|Any CPU.ActiveCfg = Release|Any CPU
		{CBA7A6E4-C920-4DCF-95CC-39CC0ED92889}.Silverlight2|Any CPU.Build.0 = Release|Any CPU
		{CBA7A6E4-C920-4DCF-95CC-39CC0ED92889}.Unity|Any CPU.ActiveCfg = Release|Any CPU
		{CBA7A6E4-C920-4DCF-95CC-39CC0ED92889}.Unity|Any CPU.Build.0 = Release|Any CPU
		{319E6D5D-4542-4598-A0CE-C0AA5935DA68}.CoreOnly|Any CPU.ActiveCfg = Release|Any CPU
		{319E6D5D-4542-4598-A0CE-C0AA5935DA68}.CoreOnly|Any CPU.Build.0 = Release|Any CPU
		{319E6D5D-4542-4598-A0CE-C0AA5935DA68}.Debug|Any CPU.ActiveCfg = Debug|Any CPU
		{319E6D5D-4542-4598-A0CE-C0AA5935DA68}.Debug|Any CPU.Build.0 = Debug|Any CPU
		{319E6D5D-4542-4598-A0CE-C0AA5935DA68}.iOS|Any CPU.ActiveCfg = Release|Any CPU
		{319E6D5D-4542-4598-A0CE-C0AA5935DA68}.iOS|Any CPU.Build.0 = Release|Any CPU
		{319E6D5D-4542-4598-A0CE-C0AA5935DA68}.Net20|Any CPU.ActiveCfg = Release|Any CPU
		{319E6D5D-4542-4598-A0CE-C0AA5935DA68}.Net20|Any CPU.Build.0 = Release|Any CPU
		{319E6D5D-4542-4598-A0CE-C0AA5935DA68}.Profile|Any CPU.ActiveCfg = Release|Any CPU
		{319E6D5D-4542-4598-A0CE-C0AA5935DA68}.Profile|Any CPU.Build.0 = Release|Any CPU
		{319E6D5D-4542-4598-A0CE-C0AA5935DA68}.Release|Any CPU.ActiveCfg = Release|Any CPU
		{319E6D5D-4542-4598-A0CE-C0AA5935DA68}.Release|Any CPU.Build.0 = Release|Any CPU
		{319E6D5D-4542-4598-A0CE-C0AA5935DA68}.Silverlight2|Any CPU.ActiveCfg = Release|Any CPU
		{319E6D5D-4542-4598-A0CE-C0AA5935DA68}.Silverlight2|Any CPU.Build.0 = Release|Any CPU
		{319E6D5D-4542-4598-A0CE-C0AA5935DA68}.Unity|Any CPU.ActiveCfg = Release|Any CPU
		{319E6D5D-4542-4598-A0CE-C0AA5935DA68}.Unity|Any CPU.Build.0 = Release|Any CPU
		{D6C5AFA3-F1A3-43C4-A507-69E43C027E12}.CoreOnly|Any CPU.ActiveCfg = Release|Any CPU
		{D6C5AFA3-F1A3-43C4-A507-69E43C027E12}.CoreOnly|Any CPU.Build.0 = Release|Any CPU
		{D6C5AFA3-F1A3-43C4-A507-69E43C027E12}.Debug|Any CPU.ActiveCfg = Debug|Any CPU
		{D6C5AFA3-F1A3-43C4-A507-69E43C027E12}.Debug|Any CPU.Build.0 = Debug|Any CPU
		{D6C5AFA3-F1A3-43C4-A507-69E43C027E12}.iOS|Any CPU.ActiveCfg = Release|Any CPU
		{D6C5AFA3-F1A3-43C4-A507-69E43C027E12}.iOS|Any CPU.Build.0 = Release|Any CPU
		{D6C5AFA3-F1A3-43C4-A507-69E43C027E12}.Net20|Any CPU.ActiveCfg = Release|Any CPU
		{D6C5AFA3-F1A3-43C4-A507-69E43C027E12}.Net20|Any CPU.Build.0 = Release|Any CPU
		{D6C5AFA3-F1A3-43C4-A507-69E43C027E12}.Profile|Any CPU.ActiveCfg = Release|Any CPU
		{D6C5AFA3-F1A3-43C4-A507-69E43C027E12}.Profile|Any CPU.Build.0 = Release|Any CPU
		{D6C5AFA3-F1A3-43C4-A507-69E43C027E12}.Release|Any CPU.ActiveCfg = Release|Any CPU
		{D6C5AFA3-F1A3-43C4-A507-69E43C027E12}.Release|Any CPU.Build.0 = Release|Any CPU
		{D6C5AFA3-F1A3-43C4-A507-69E43C027E12}.Silverlight2|Any CPU.ActiveCfg = Release|Any CPU
		{D6C5AFA3-F1A3-43C4-A507-69E43C027E12}.Silverlight2|Any CPU.Build.0 = Release|Any CPU
		{D6C5AFA3-F1A3-43C4-A507-69E43C027E12}.Unity|Any CPU.ActiveCfg = Release|Any CPU
		{D6C5AFA3-F1A3-43C4-A507-69E43C027E12}.Unity|Any CPU.Build.0 = Release|Any CPU
	EndGlobalSection
	GlobalSection(SolutionProperties) = preSolution
		HideSolutionNode = FALSE
	EndGlobalSection
	GlobalSection(NestedProjects) = preSolution
		{607D9702-71A0-47EB-9B1E-54ADD25A70B9} = {46B0FD5B-5A71-48C8-835B-95AD83CCB28A}
	EndGlobalSection
EndGlobal
